
Microsoft Visual Studio Solution File, Format Version 12.00
# Visual Studio Version 17
VisualStudioVersion = 17.10.35013.160
MinimumVisualStudioVersion = 10.0.40219.1
Project("{FAE04EC0-301F-11D3-BF4B-00C04F79EFBC}") = "AvtoTransApp", "AvtoTransApp\AvtoTransApp.csproj", "{883B273E-8487-4C2A-8A57-CBEF3185EE15}"
EndProject
Global
	GlobalSection(SolutionConfigurationPlatforms) = preSolution
		Debug|Any CPU = Debug|Any CPU
		Release|Any CPU = Release|Any CPU
	EndGlobalSection
	GlobalSection(ProjectConfigurationPlatforms) = postSolution
		{883B273E-8487-4C2A-8A57-CBEF3185EE15}.Debug|Any CPU.ActiveCfg = Debug|Any CPU
		{883B273E-8487-4C2A-8A57-CBEF3185EE15}.Debug|Any CPU.Build.0 = Debug|Any CPU
		{883B273E-8487-4C2A-8A57-CBEF3185EE15}.Release|Any CPU.ActiveCfg = Release|Any CPU
		{883B273E-8487-4C2A-8A57-CBEF3185EE15}.Release|Any CPU.Build.0 = Release|Any CPU
	EndGlobalSection
	GlobalSection(SolutionProperties) = preSolution
		HideSolutionNode = FALSE
	EndGlobalSection
	GlobalSection(ExtensibilityGlobals) = postSolution
		SolutionGuid = {A86A0DDD-3C88-4E6A-BD6C-A949F9AFB683}
	EndGlobalSection
EndGlobal
